
Microsoft Visual Studio Solution File, Format Version 12.00
# Visual Studio Version 16
VisualStudioVersion = 16.0.30320.27
MinimumVisualStudioVersion = 10.0.40219.1
Project("{FAE04EC0-301F-11D3-BF4B-00C04F79EFBC}") = "lzc", "lzc\lzc.csproj", "{8FE9263E-379C-4C8F-AE18-D7EBD2676C6B}"
EndProject
Project("{FAE04EC0-301F-11D3-BF4B-00C04F79EFBC}") = "lzc.ext.audioswitch", "lzc.ext.audioswitch\lzc.ext.audioswitch.csproj", "{D5DB933B-E804-48CB-899B-380179DC4C8A}"
EndProject
Project("{FAE04EC0-301F-11D3-BF4B-00C04F79EFBC}") = "lzc.ext.lumos", "lzc.ext.lumos\lzc.ext.lumos.csproj", "{33228151-1A9A-4AD6-BAEF-EF549AA50EF4}"
EndProject
Global
	GlobalSection(SolutionConfigurationPlatforms) = preSolution
		Debug|Any CPU = Debug|Any CPU
		Release|Any CPU = Release|Any CPU
	EndGlobalSection
	GlobalSection(ProjectConfigurationPlatforms) = postSolution
		{8FE9263E-379C-4C8F-AE18-D7EBD2676C6B}.Debug|Any CPU.ActiveCfg = Debug|Any CPU
		{8FE9263E-379C-4C8F-AE18-D7EBD2676C6B}.Debug|Any CPU.Build.0 = Debug|Any CPU
		{8FE9263E-379C-4C8F-AE18-D7EBD2676C6B}.Release|Any CPU.ActiveCfg = Release|Any CPU
		{8FE9263E-379C-4C8F-AE18-D7EBD2676C6B}.Release|Any CPU.Build.0 = Release|Any CPU
		{D5DB933B-E804-48CB-899B-380179DC4C8A}.Debug|Any CPU.ActiveCfg = Debug|Any CPU
		{D5DB933B-E804-48CB-899B-380179DC4C8A}.Debug|Any CPU.Build.0 = Debug|Any CPU
		{D5DB933B-E804-48CB-899B-380179DC4C8A}.Release|Any CPU.ActiveCfg = Release|Any CPU
		{D5DB933B-E804-48CB-899B-380179DC4C8A}.Release|Any CPU.Build.0 = Release|Any CPU
		{33228151-1A9A-4AD6-BAEF-EF549AA50EF4}.Debug|Any CPU.ActiveCfg = Debug|Any CPU
		{33228151-1A9A-4AD6-BAEF-EF549AA50EF4}.Debug|Any CPU.Build.0 = Debug|Any CPU
		{33228151-1A9A-4AD6-BAEF-EF549AA50EF4}.Release|Any CPU.ActiveCfg = Release|Any CPU
		{33228151-1A9A-4AD6-BAEF-EF549AA50EF4}.Release|Any CPU.Build.0 = Release|Any CPU
	EndGlobalSection
	GlobalSection(SolutionProperties) = preSolution
		HideSolutionNode = FALSE
	EndGlobalSection
	GlobalSection(ExtensibilityGlobals) = postSolution
		SolutionGuid = {46969414-BCD4-442E-B06E-533E9EF4B608}
	EndGlobalSection
EndGlobal
